// !$*UTF8*$!
{
	archiveVersion = 1;
	classes = {
	};
	objectVersion = 56;
	objects = {

/* Begin PBXBuildFile section */
		9F0C0DCA2D2F4DCD006E507A /* Assets.xcassets in Resources */ = {isa = PBXBuildFile; fileRef = 9F0C0DC92D2F4DCD006E507A /* Assets.xcassets */; };
		9F1303A12D2724A900E74832 /* UserRequestModel.swift in Sources */ = {isa = PBXBuildFile; fileRef = 9F1303A02D2724A900E74832 /* UserRequestModel.swift */; };
		9F1303A32D2724BB00E74832 /* WorkoutRequestModel.swift in Sources */ = {isa = PBXBuildFile; fileRef = 9F1303A22D2724BB00E74832 /* WorkoutRequestModel.swift */; };
		9F1303A52D2724C900E74832 /* ExerciseRequestModel.swift in Sources */ = {isa = PBXBuildFile; fileRef = 9F1303A42D2724C900E74832 /* ExerciseRequestModel.swift */; };
		9F1303A72D2724DC00E74832 /* Validation.swift in Sources */ = {isa = PBXBuildFile; fileRef = 9F1303A62D2724DC00E74832 /* Validation.swift */; };
		9F1303B92D2A1C6700E74832 /* APIManager.swift in Sources */ = {isa = PBXBuildFile; fileRef = 9F1303B82D2A1C6700E74832 /* APIManager.swift */; };
		9F1303BB2D2A1D0A00E74832 /* Config.xcconfig in Resources */ = {isa = PBXBuildFile; fileRef = 9F1303BA2D2A1CFA00E74832 /* Config.xcconfig */; };
		9F1303BD2D2C574200E74832 /* WorkoutAPIManager.swift in Sources */ = {isa = PBXBuildFile; fileRef = 9F1303BC2D2C574200E74832 /* WorkoutAPIManager.swift */; };
		9F1303BF2D2C57AD00E74832 /* ExerciseAPIManager.swift in Sources */ = {isa = PBXBuildFile; fileRef = 9F1303BE2D2C57AD00E74832 /* ExerciseAPIManager.swift */; };
		9F1303C42D2C58EE00E74832 /* Workout.swift in Sources */ = {isa = PBXBuildFile; fileRef = 9F1303C32D2C58EE00E74832 /* Workout.swift */; };
		9F1303C62D2C590300E74832 /* Exercise.swift in Sources */ = {isa = PBXBuildFile; fileRef = 9F1303C52D2C590300E74832 /* Exercise.swift */; };
		9F1303CA2D2C62D000E74832 /* WorkoutResponseModel.swift in Sources */ = {isa = PBXBuildFile; fileRef = 9F1303C92D2C62D000E74832 /* WorkoutResponseModel.swift */; };
		9F1303CC2D2C62DA00E74832 /* ExerciseResponseModel.swift in Sources */ = {isa = PBXBuildFile; fileRef = 9F1303CB2D2C62DA00E74832 /* ExerciseResponseModel.swift */; };
		9F1303CE2D2C630F00E74832 /* ErrorResponseModel.swift in Sources */ = {isa = PBXBuildFile; fileRef = 9F1303CD2D2C630F00E74832 /* ErrorResponseModel.swift */; };
		9F1303D02D2C652600E74832 /* VoidResponse.swift in Sources */ = {isa = PBXBuildFile; fileRef = 9F1303CF2D2C652600E74832 /* VoidResponse.swift */; };
		9F1303E02D2C6A0D00E74832 /* TrophyFitnessTests.swift in Sources */ = {isa = PBXBuildFile; fileRef = 9F1303DF2D2C6A0D00E74832 /* TrophyFitnessTests.swift */; };
		9F1303E82D2C6A3A00E74832 /* ExerciseAPIManagerTests.swift in Sources */ = {isa = PBXBuildFile; fileRef = 9F1303E72D2C6A3A00E74832 /* ExerciseAPIManagerTests.swift */; };
		9F1303EC2D2C70FA00E74832 /* Config.xcconfig in Resources */ = {isa = PBXBuildFile; fileRef = 9F1303EB2D2C70FA00E74832 /* Config.xcconfig */; };
		9F467B9F2D24B92A004E403A /* TrophyFitnessApp.swift in Sources */ = {isa = PBXBuildFile; fileRef = 9F467B9E2D24B92A004E403A /* TrophyFitnessApp.swift */; };
		9F467BA12D24B92A004E403A /* ContentView.swift in Sources */ = {isa = PBXBuildFile; fileRef = 9F467BA02D24B92A004E403A /* ContentView.swift */; };
		9F9577912D3DBCFE00C34310 /* amplify_outputs.json in Resources */ = {isa = PBXBuildFile; fileRef = 9F9577902D3DBCFE00C34310 /* amplify_outputs.json */; };
		9FDCAE2C2D349F61002EAA28 /* AWSCognitoAuthPlugin in Frameworks */ = {isa = PBXBuildFile; productRef = 9FDCAE2B2D349F61002EAA28 /* AWSCognitoAuthPlugin */; };
		9FDCAE2E2D349F61002EAA28 /* Amplify in Frameworks */ = {isa = PBXBuildFile; productRef = 9FDCAE2D2D349F61002EAA28 /* Amplify */; };
		9FDCAE312D359735002EAA28 /* Authenticator in Frameworks */ = {isa = PBXBuildFile; productRef = 9FDCAE302D359735002EAA28 /* Authenticator */; };
		9FE7B08A2D2CB2610098F9F1 /* AuthView.swift in Sources */ = {isa = PBXBuildFile; fileRef = 9FE7B0892D2CB2610098F9F1 /* AuthView.swift */; };
		9FE7B08C2D2CB2720098F9F1 /* SignUpView.swift in Sources */ = {isa = PBXBuildFile; fileRef = 9FE7B08B2D2CB2720098F9F1 /* SignUpView.swift */; };
		9FE7B08F2D2CB5AA0098F9F1 /* AuthViewModel.swift in Sources */ = {isa = PBXBuildFile; fileRef = 9FE7B08E2D2CB5AA0098F9F1 /* AuthViewModel.swift */; };
		9FE7B0912D2DB0590098F9F1 /* HomeView.swift in Sources */ = {isa = PBXBuildFile; fileRef = 9FE7B0902D2DB0590098F9F1 /* HomeView.swift */; };
/* End PBXBuildFile section */

/* Begin PBXContainerItemProxy section */
		9F1303E12D2C6A0D00E74832 /* PBXContainerItemProxy */ = {
			isa = PBXContainerItemProxy;
			containerPortal = 9F467B932D24B92A004E403A /* Project object */;
			proxyType = 1;
			remoteGlobalIDString = 9F467B9A2D24B92A004E403A;
			remoteInfo = TrophyFitness;
		};
/* End PBXContainerItemProxy section */

/* Begin PBXFileReference section */
		0A777C8AE7A8EFAC46C35030 /* amplifyconfiguration.json */ = {isa = PBXFileReference; explicitFileType = text.json; path = amplifyconfiguration.json; sourceTree = "<group>"; };
		9F0C0DC92D2F4DCD006E507A /* Assets.xcassets */ = {isa = PBXFileReference; lastKnownFileType = folder.assetcatalog; path = Assets.xcassets; sourceTree = "<group>"; };
		9F1303A02D2724A900E74832 /* UserRequestModel.swift */ = {isa = PBXFileReference; lastKnownFileType = sourcecode.swift; path = UserRequestModel.swift; sourceTree = "<group>"; };
		9F1303A22D2724BB00E74832 /* WorkoutRequestModel.swift */ = {isa = PBXFileReference; lastKnownFileType = sourcecode.swift; path = WorkoutRequestModel.swift; sourceTree = "<group>"; };
		9F1303A42D2724C900E74832 /* ExerciseRequestModel.swift */ = {isa = PBXFileReference; lastKnownFileType = sourcecode.swift; path = ExerciseRequestModel.swift; sourceTree = "<group>"; };
		9F1303A62D2724DC00E74832 /* Validation.swift */ = {isa = PBXFileReference; lastKnownFileType = sourcecode.swift; path = Validation.swift; sourceTree = "<group>"; };
		9F1303B82D2A1C6700E74832 /* APIManager.swift */ = {isa = PBXFileReference; lastKnownFileType = sourcecode.swift; path = APIManager.swift; sourceTree = "<group>"; };
		9F1303BA2D2A1CFA00E74832 /* Config.xcconfig */ = {isa = PBXFileReference; lastKnownFileType = text.xcconfig; path = Config.xcconfig; sourceTree = "<group>"; };
		9F1303BC2D2C574200E74832 /* WorkoutAPIManager.swift */ = {isa = PBXFileReference; lastKnownFileType = sourcecode.swift; path = WorkoutAPIManager.swift; sourceTree = "<group>"; };
		9F1303BE2D2C57AD00E74832 /* ExerciseAPIManager.swift */ = {isa = PBXFileReference; lastKnownFileType = sourcecode.swift; path = ExerciseAPIManager.swift; sourceTree = "<group>"; };
		9F1303C32D2C58EE00E74832 /* Workout.swift */ = {isa = PBXFileReference; lastKnownFileType = sourcecode.swift; path = Workout.swift; sourceTree = "<group>"; };
		9F1303C52D2C590300E74832 /* Exercise.swift */ = {isa = PBXFileReference; lastKnownFileType = sourcecode.swift; path = Exercise.swift; sourceTree = "<group>"; };
		9F1303C92D2C62D000E74832 /* WorkoutResponseModel.swift */ = {isa = PBXFileReference; lastKnownFileType = sourcecode.swift; path = WorkoutResponseModel.swift; sourceTree = "<group>"; };
		9F1303CB2D2C62DA00E74832 /* ExerciseResponseModel.swift */ = {isa = PBXFileReference; lastKnownFileType = sourcecode.swift; path = ExerciseResponseModel.swift; sourceTree = "<group>"; };
		9F1303CD2D2C630F00E74832 /* ErrorResponseModel.swift */ = {isa = PBXFileReference; lastKnownFileType = sourcecode.swift; path = ErrorResponseModel.swift; sourceTree = "<group>"; };
		9F1303CF2D2C652600E74832 /* VoidResponse.swift */ = {isa = PBXFileReference; lastKnownFileType = sourcecode.swift; path = VoidResponse.swift; sourceTree = "<group>"; };
		9F1303DD2D2C6A0D00E74832 /* TrophyFitnessTests.xctest */ = {isa = PBXFileReference; explicitFileType = wrapper.cfbundle; includeInIndex = 0; path = TrophyFitnessTests.xctest; sourceTree = BUILT_PRODUCTS_DIR; };
		9F1303DF2D2C6A0D00E74832 /* TrophyFitnessTests.swift */ = {isa = PBXFileReference; lastKnownFileType = sourcecode.swift; path = TrophyFitnessTests.swift; sourceTree = "<group>"; };
		9F1303E72D2C6A3A00E74832 /* ExerciseAPIManagerTests.swift */ = {isa = PBXFileReference; lastKnownFileType = sourcecode.swift; path = ExerciseAPIManagerTests.swift; sourceTree = "<group>"; };
		9F1303E92D2C6D2300E74832 /* Info.plist */ = {isa = PBXFileReference; lastKnownFileType = text.plist; path = Info.plist; sourceTree = "<group>"; };
		9F1303EB2D2C70FA00E74832 /* Config.xcconfig */ = {isa = PBXFileReference; lastKnownFileType = text.xcconfig; path = Config.xcconfig; sourceTree = "<group>"; };
		9F1303ED2D2C77D400E74832 /* Info.plist */ = {isa = PBXFileReference; lastKnownFileType = text.plist.xml; path = Info.plist; sourceTree = "<group>"; };
		9F467B9B2D24B92A004E403A /* TrophyFitness.app */ = {isa = PBXFileReference; explicitFileType = wrapper.application; includeInIndex = 0; path = TrophyFitness.app; sourceTree = BUILT_PRODUCTS_DIR; };
		9F467B9E2D24B92A004E403A /* TrophyFitnessApp.swift */ = {isa = PBXFileReference; lastKnownFileType = sourcecode.swift; path = TrophyFitnessApp.swift; sourceTree = "<group>"; };
		9F467BA02D24B92A004E403A /* ContentView.swift */ = {isa = PBXFileReference; lastKnownFileType = sourcecode.swift; path = ContentView.swift; sourceTree = "<group>"; };
		9F467BC92D24BF5E004E403A /* Preview Assets.xcassets */ = {isa = PBXFileReference; lastKnownFileType = folder.assetcatalog; path = "Preview Assets.xcassets"; sourceTree = "<group>"; };
		9F95778F2D3DBB6A00C34310 /* TrophyFitness.entitlements */ = {isa = PBXFileReference; lastKnownFileType = text.plist.entitlements; path = TrophyFitness.entitlements; sourceTree = "<group>"; };
		9F9577902D3DBCFE00C34310 /* amplify_outputs.json */ = {isa = PBXFileReference; fileEncoding = 4; lastKnownFileType = text.json; path = amplify_outputs.json; sourceTree = "<group>"; };
		9FD2833E2D372AD5001F77F2 /* amplify_outputs.json.template */ = {isa = PBXFileReference; lastKnownFileType = text; path = amplify_outputs.json.template; sourceTree = "<group>"; };
		9FE7B0892D2CB2610098F9F1 /* AuthView.swift */ = {isa = PBXFileReference; lastKnownFileType = sourcecode.swift; path = AuthView.swift; sourceTree = "<group>"; };
		9FE7B08B2D2CB2720098F9F1 /* SignUpView.swift */ = {isa = PBXFileReference; lastKnownFileType = sourcecode.swift; path = SignUpView.swift; sourceTree = "<group>"; };
		9FE7B08E2D2CB5AA0098F9F1 /* AuthViewModel.swift */ = {isa = PBXFileReference; lastKnownFileType = sourcecode.swift; path = AuthViewModel.swift; sourceTree = "<group>"; };
		9FE7B0902D2DB0590098F9F1 /* HomeView.swift */ = {isa = PBXFileReference; lastKnownFileType = sourcecode.swift; path = HomeView.swift; sourceTree = "<group>"; };
		9FE7B0932D2DB0850098F9F1 /* replace_placeholders.sh */ = {isa = PBXFileReference; lastKnownFileType = text.script.sh; path = replace_placeholders.sh; sourceTree = "<group>"; };
		9FE7B0952D2DB0C10098F9F1 /* amplifyconfiguration.json.template */ = {isa = PBXFileReference; lastKnownFileType = text; path = amplifyconfiguration.json.template; sourceTree = "<group>"; };
		9FE7B0962D2DB0D40098F9F1 /* awsconfiguration.json.template */ = {isa = PBXFileReference; lastKnownFileType = text; path = awsconfiguration.json.template; sourceTree = "<group>"; };
		A33C1A5CF82C9A22139DF32D /* awsconfiguration.json */ = {isa = PBXFileReference; explicitFileType = text.json; path = awsconfiguration.json; sourceTree = "<group>"; };
/* End PBXFileReference section */

/* Begin PBXFrameworksBuildPhase section */
		9F1303DA2D2C6A0D00E74832 /* Frameworks */ = {
			isa = PBXFrameworksBuildPhase;
			buildActionMask = 2147483647;
			files = (
			);
			runOnlyForDeploymentPostprocessing = 0;
		};
		9F467B982D24B92A004E403A /* Frameworks */ = {
			isa = PBXFrameworksBuildPhase;
			buildActionMask = 2147483647;
			files = (
				9FDCAE2C2D349F61002EAA28 /* AWSCognitoAuthPlugin in Frameworks */,
				9FDCAE2E2D349F61002EAA28 /* Amplify in Frameworks */,
				9FDCAE312D359735002EAA28 /* Authenticator in Frameworks */,
			);
			runOnlyForDeploymentPostprocessing = 0;
		};
/* End PBXFrameworksBuildPhase section */

/* Begin PBXGroup section */
		9F13039F2D2724A000E74832 /* requests */ = {
			isa = PBXGroup;
			children = (
				9F1303A02D2724A900E74832 /* UserRequestModel.swift */,
				9F1303A22D2724BB00E74832 /* WorkoutRequestModel.swift */,
				9F1303A42D2724C900E74832 /* ExerciseRequestModel.swift */,
				9F1303A62D2724DC00E74832 /* Validation.swift */,
			);
			path = requests;
			sourceTree = "<group>";
		};
		9F1303AF2D2876FC00E74832 /* auth */ = {
			isa = PBXGroup;
			children = (
				9F1303B22D28777400E74832 /* forgot-password */,
				9F1303B32D28778D00E74832 /* sign-up */,
				9F1303B42D2877A000E74832 /* sign-in */,
			);
			path = auth;
			sourceTree = "<group>";
		};
		9F1303B02D28771200E74832 /* health-check */ = {
			isa = PBXGroup;
			children = (
			);
			path = "health-check";
			sourceTree = "<group>";
		};
		9F1303B12D28774800E74832 /* workouts */ = {
			isa = PBXGroup;
			children = (
				9F1303B52D2877FF00E74832 /* create */,
				9F1303B72D28780D00E74832 /* delete */,
				9F1303B62D28780600E74832 /* get-all */,
			);
			path = workouts;
			sourceTree = "<group>";
		};
		9F1303B22D28777400E74832 /* forgot-password */ = {
			isa = PBXGroup;
			children = (
			);
			path = "forgot-password";
			sourceTree = "<group>";
		};
		9F1303B32D28778D00E74832 /* sign-up */ = {
			isa = PBXGroup;
			children = (
			);
			path = "sign-up";
			sourceTree = "<group>";
		};
		9F1303B42D2877A000E74832 /* sign-in */ = {
			isa = PBXGroup;
			children = (
			);
			path = "sign-in";
			sourceTree = "<group>";
		};
		9F1303B52D2877FF00E74832 /* create */ = {
			isa = PBXGroup;
			children = (
			);
			path = create;
			sourceTree = "<group>";
		};
		9F1303B62D28780600E74832 /* get-all */ = {
			isa = PBXGroup;
			children = (
			);
			path = "get-all";
			sourceTree = "<group>";
		};
		9F1303B72D28780D00E74832 /* delete */ = {
			isa = PBXGroup;
			children = (
			);
			path = delete;
			sourceTree = "<group>";
		};
		9F1303C22D2C58BF00E74832 /* models */ = {
			isa = PBXGroup;
			children = (
				9F1303C32D2C58EE00E74832 /* Workout.swift */,
				9F1303C52D2C590300E74832 /* Exercise.swift */,
			);
			path = models;
			sourceTree = "<group>";
		};
		9F1303C82D2C62B300E74832 /* responses */ = {
			isa = PBXGroup;
			children = (
				9F1303C92D2C62D000E74832 /* WorkoutResponseModel.swift */,
				9F1303CB2D2C62DA00E74832 /* ExerciseResponseModel.swift */,
				9F1303CD2D2C630F00E74832 /* ErrorResponseModel.swift */,
				9F1303CF2D2C652600E74832 /* VoidResponse.swift */,
			);
			path = responses;
			sourceTree = "<group>";
		};
		9F1303DE2D2C6A0D00E74832 /* TrophyFitnessTests */ = {
			isa = PBXGroup;
			children = (
				9F1303E62D2C6A2600E74832 /* APIManagerTests */,
				9F1303DF2D2C6A0D00E74832 /* TrophyFitnessTests.swift */,
				9F1303EB2D2C70FA00E74832 /* Config.xcconfig */,
				9F1303ED2D2C77D400E74832 /* Info.plist */,
			);
			path = TrophyFitnessTests;
			sourceTree = "<group>";
		};
		9F1303E62D2C6A2600E74832 /* APIManagerTests */ = {
			isa = PBXGroup;
			children = (
				9F1303E72D2C6A3A00E74832 /* ExerciseAPIManagerTests.swift */,
			);
			path = APIManagerTests;
			sourceTree = "<group>";
		};
		9F467B922D24B92A004E403A = {
			isa = PBXGroup;
			children = (
				9F9577902D3DBCFE00C34310 /* amplify_outputs.json */,
				9F467B9D2D24B92A004E403A /* TrophyFitness */,
				9F1303DE2D2C6A0D00E74832 /* TrophyFitnessTests */,
				9F467B9C2D24B92A004E403A /* Products */,
				E0797ECCD88985AC5D05C6EA /* AmplifyConfig */,
				CC0701423373DF90072E70CD /* AmplifyModels */,
			);
			sourceTree = "<group>";
		};
		9F467B9C2D24B92A004E403A /* Products */ = {
			isa = PBXGroup;
			children = (
				9F467B9B2D24B92A004E403A /* TrophyFitness.app */,
				9F1303DD2D2C6A0D00E74832 /* TrophyFitnessTests.xctest */,
			);
			name = Products;
			sourceTree = "<group>";
		};
		9F467B9D2D24B92A004E403A /* TrophyFitness */ = {
			isa = PBXGroup;
			children = (
				9F95778F2D3DBB6A00C34310 /* TrophyFitness.entitlements */,
				9F0C0DC92D2F4DCD006E507A /* Assets.xcassets */,
				9F1303E92D2C6D2300E74832 /* Info.plist */,
				9F467BC82D24BF5E004E403A /* frontend */,
				9F467BD32D24BF5E004E403A /* shared */,
				9F467BCA2D24BF5E004E403A /* Preview Content */,
				9F467B9E2D24B92A004E403A /* TrophyFitnessApp.swift */,
				9F467BA02D24B92A004E403A /* ContentView.swift */,
				9F1303BA2D2A1CFA00E74832 /* Config.xcconfig */,
			);
			path = TrophyFitness;
			sourceTree = "<group>";
		};
		9F467BAC2D24BF5E004E403A /* exercise */ = {
			isa = PBXGroup;
			children = (
			);
			path = exercise;
			sourceTree = "<group>";
		};
		9F467BAD2D24BF5E004E403A /* api */ = {
			isa = PBXGroup;
			children = (
				9F467BAC2D24BF5E004E403A /* exercise */,
			);
			path = api;
			sourceTree = "<group>";
		};
		9F467BAE2D24BF5E004E403A /* api-gateway */ = {
			isa = PBXGroup;
			children = (
				9F467BAD2D24BF5E004E403A /* api */,
			);
			path = "api-gateway";
			sourceTree = "<group>";
		};
		9F467BAF2D24BF5E004E403A /* logs */ = {
			isa = PBXGroup;
			children = (
			);
			path = logs;
			sourceTree = "<group>";
		};
		9F467BB02D24BF5E004E403A /* cloudwatch */ = {
			isa = PBXGroup;
			children = (
				9F467BAF2D24BF5E004E403A /* logs */,
			);
			path = cloudwatch;
			sourceTree = "<group>";
		};
		9F467BB12D24BF5E004E403A /* cognito */ = {
			isa = PBXGroup;
			children = (
			);
			path = cognito;
			sourceTree = "<group>";
		};
		9F467BB22D24BF5E004E403A /* iam */ = {
			isa = PBXGroup;
			children = (
			);
			path = iam;
			sourceTree = "<group>";
		};
		9F467BB52D24BF5E004E403A /* lambda */ = {
			isa = PBXGroup;
			children = (
				9F1303B12D28774800E74832 /* workouts */,
				9F1303B02D28771200E74832 /* health-check */,
				9F1303AF2D2876FC00E74832 /* auth */,
			);
			path = lambda;
			sourceTree = "<group>";
		};
		9F467BB62D24BF5E004E403A /* database-configuration */ = {
			isa = PBXGroup;
			children = (
			);
			path = "database-configuration";
			sourceTree = "<group>";
		};
		9F467BB72D24BF5E004E403A /* rds */ = {
			isa = PBXGroup;
			children = (
				9F467BB62D24BF5E004E403A /* database-configuration */,
			);
			path = rds;
			sourceTree = "<group>";
		};
		9F467BB82D24BF5E004E403A /* aws */ = {
			isa = PBXGroup;
			children = (
				9F467BAE2D24BF5E004E403A /* api-gateway */,
				9F467BB02D24BF5E004E403A /* cloudwatch */,
				9F467BB12D24BF5E004E403A /* cognito */,
				9F467BB22D24BF5E004E403A /* iam */,
				9F467BB52D24BF5E004E403A /* lambda */,
				9F467BB72D24BF5E004E403A /* rds */,
			);
			path = aws;
			sourceTree = "<group>";
		};
		9F467BB92D24BF5E004E403A /* amplify */ = {
			isa = PBXGroup;
			children = (
			);
			path = amplify;
			sourceTree = "<group>";
		};
		9F467BBA2D24BF5E004E403A /* openai */ = {
			isa = PBXGroup;
			children = (
			);
			path = openai;
			sourceTree = "<group>";
		};
		9F467BBB2D24BF5E004E403A /* integrations */ = {
			isa = PBXGroup;
			children = (
				9F467BB92D24BF5E004E403A /* amplify */,
				9F467BBA2D24BF5E004E403A /* openai */,
			);
			path = integrations;
			sourceTree = "<group>";
		};
		9F467BBC2D24BF5E004E403A /* backend */ = {
			isa = PBXGroup;
			children = (
				9F467BB82D24BF5E004E403A /* aws */,
				9F467BBB2D24BF5E004E403A /* integrations */,
			);
			path = backend;
			sourceTree = "<group>";
		};
		9F467BBD2D24BF5E004E403A /* amplify-setup */ = {
			isa = PBXGroup;
			children = (
			);
			path = "amplify-setup";
			sourceTree = "<group>";
		};
		9F467BBE2D24BF5E004E403A /* api-requests */ = {
			isa = PBXGroup;
			children = (
				9F1303B82D2A1C6700E74832 /* APIManager.swift */,
				9F1303BC2D2C574200E74832 /* WorkoutAPIManager.swift */,
				9F1303BE2D2C57AD00E74832 /* ExerciseAPIManager.swift */,
			);
			path = "api-requests";
			sourceTree = "<group>";
		};
		9F467BBF2D24BF5E004E403A /* auth-flow-configuration */ = {
			isa = PBXGroup;
			children = (
				9FE7B08E2D2CB5AA0098F9F1 /* AuthViewModel.swift */,
			);
			path = "auth-flow-configuration";
			sourceTree = "<group>";
		};
		9F467BC02D24BF5E004E403A /* data-models */ = {
			isa = PBXGroup;
			children = (
				9F1303C82D2C62B300E74832 /* responses */,
				9F1303C22D2C58BF00E74832 /* models */,
				9F13039F2D2724A000E74832 /* requests */,
			);
			path = "data-models";
			sourceTree = "<group>";
		};
		9F467BC12D24BF5E004E403A /* exercise-creation-flow */ = {
			isa = PBXGroup;
			children = (
			);
			path = "exercise-creation-flow";
			sourceTree = "<group>";
		};
		9F467BC22D24BF5E004E403A /* exercise-display */ = {
			isa = PBXGroup;
			children = (
			);
			path = "exercise-display";
			sourceTree = "<group>";
		};
		9F467BC32D24BF5E004E403A /* sign-in */ = {
			isa = PBXGroup;
			children = (
			);
			path = "sign-in";
			sourceTree = "<group>";
		};
		9F467BC42D24BF5E004E403A /* sign-out */ = {
			isa = PBXGroup;
			children = (
			);
			path = "sign-out";
			sourceTree = "<group>";
		};
		9F467BC52D24BF5E004E403A /* sign-up */ = {
			isa = PBXGroup;
			children = (
			);
			path = "sign-up";
			sourceTree = "<group>";
		};
		9F467BC62D24BF5E004E403A /* ui */ = {
			isa = PBXGroup;
			children = (
				9FE7B0902D2DB0590098F9F1 /* HomeView.swift */,
			);
			path = ui;
			sourceTree = "<group>";
		};
		9F467BC72D24BF5E004E403A /* ios-app */ = {
			isa = PBXGroup;
			children = (
				9FE7B0882D2CB23B0098F9F1 /* authentication-ui */,
				9F467BBD2D24BF5E004E403A /* amplify-setup */,
				9F467BBE2D24BF5E004E403A /* api-requests */,
				9F467BBF2D24BF5E004E403A /* auth-flow-configuration */,
				9F467BC02D24BF5E004E403A /* data-models */,
				9F467BC12D24BF5E004E403A /* exercise-creation-flow */,
				9F467BC22D24BF5E004E403A /* exercise-display */,
				9F467BC32D24BF5E004E403A /* sign-in */,
				9F467BC42D24BF5E004E403A /* sign-out */,
				9F467BC52D24BF5E004E403A /* sign-up */,
				9F467BC62D24BF5E004E403A /* ui */,
			);
			path = "ios-app";
			sourceTree = "<group>";
		};
		9F467BC82D24BF5E004E403A /* frontend */ = {
			isa = PBXGroup;
			children = (
				9F467BBC2D24BF5E004E403A /* backend */,
				9F467BC72D24BF5E004E403A /* ios-app */,
			);
			path = frontend;
			sourceTree = "<group>";
		};
		9F467BCA2D24BF5E004E403A /* Preview Content */ = {
			isa = PBXGroup;
			children = (
				9F467BC92D24BF5E004E403A /* Preview Assets.xcassets */,
			);
			path = "Preview Content";
			sourceTree = "<group>";
		};
		9F467BCB2D24BF5E004E403A /* architecture */ = {
			isa = PBXGroup;
			children = (
			);
			path = architecture;
			sourceTree = "<group>";
		};
		9F467BCC2D24BF5E004E403A /* setup-guides */ = {
			isa = PBXGroup;
			children = (
			);
			path = "setup-guides";
			sourceTree = "<group>";
		};
		9F467BCD2D24BF5E004E403A /* testing */ = {
			isa = PBXGroup;
			children = (
			);
			path = testing;
			sourceTree = "<group>";
		};
		9F467BCE2D24BF5E004E403A /* documentation */ = {
			isa = PBXGroup;
			children = (
				9F467BCB2D24BF5E004E403A /* architecture */,
				9F467BCC2D24BF5E004E403A /* setup-guides */,
				9F467BCD2D24BF5E004E403A /* testing */,
			);
			path = documentation;
			sourceTree = "<group>";
		};
		9F467BCF2D24BF5E004E403A /* code-samples */ = {
			isa = PBXGroup;
			children = (
			);
			path = "code-samples";
			sourceTree = "<group>";
		};
		9F467BD02D24BF5E004E403A /* community-links */ = {
			isa = PBXGroup;
			children = (
			);
			path = "community-links";
			sourceTree = "<group>";
		};
		9F467BD12D24BF5E004E403A /* tutorials */ = {
			isa = PBXGroup;
			children = (
			);
			path = tutorials;
			sourceTree = "<group>";
		};
		9F467BD22D24BF5E004E403A /* resources */ = {
			isa = PBXGroup;
			children = (
				9FE7B0942D2DB0A00098F9F1 /* config */,
				9FE7B0922D2DB0740098F9F1 /* scripts */,
				9F467BCF2D24BF5E004E403A /* code-samples */,
				9F467BD02D24BF5E004E403A /* community-links */,
				9F467BD12D24BF5E004E403A /* tutorials */,
			);
			path = resources;
			sourceTree = "<group>";
		};
		9F467BD32D24BF5E004E403A /* shared */ = {
			isa = PBXGroup;
			children = (
				9F467BCE2D24BF5E004E403A /* documentation */,
				9F467BD22D24BF5E004E403A /* resources */,
			);
			path = shared;
			sourceTree = "<group>";
		};
		9FE7B0882D2CB23B0098F9F1 /* authentication-ui */ = {
			isa = PBXGroup;
			children = (
				9FE7B0892D2CB2610098F9F1 /* AuthView.swift */,
				9FE7B08B2D2CB2720098F9F1 /* SignUpView.swift */,
			);
			path = "authentication-ui";
			sourceTree = "<group>";
		};
		9FE7B0922D2DB0740098F9F1 /* scripts */ = {
			isa = PBXGroup;
			children = (
				9FE7B0932D2DB0850098F9F1 /* replace_placeholders.sh */,
			);
			path = scripts;
			sourceTree = "<group>";
		};
		9FE7B0942D2DB0A00098F9F1 /* config */ = {
			isa = PBXGroup;
			children = (
				9FE7B0952D2DB0C10098F9F1 /* amplifyconfiguration.json.template */,
				9FE7B0962D2DB0D40098F9F1 /* awsconfiguration.json.template */,
				9FD2833E2D372AD5001F77F2 /* amplify_outputs.json.template */,
			);
			path = config;
			sourceTree = "<group>";
		};
		CC0701423373DF90072E70CD /* AmplifyModels */ = {
			isa = PBXGroup;
			children = (
			);
			name = AmplifyModels;
			sourceTree = "<group>";
		};
		E0797ECCD88985AC5D05C6EA /* AmplifyConfig */ = {
			isa = PBXGroup;
			children = (
				A33C1A5CF82C9A22139DF32D /* awsconfiguration.json */,
				0A777C8AE7A8EFAC46C35030 /* amplifyconfiguration.json */,
			);
			name = AmplifyConfig;
			sourceTree = "<group>";
		};
/* End PBXGroup section */

/* Begin PBXNativeTarget section */
		9F1303DC2D2C6A0D00E74832 /* TrophyFitnessTests */ = {
			isa = PBXNativeTarget;
			buildConfigurationList = 9F1303E32D2C6A0D00E74832 /* Build configuration list for PBXNativeTarget "TrophyFitnessTests" */;
			buildPhases = (
				9F1303D92D2C6A0D00E74832 /* Sources */,
				9F1303DA2D2C6A0D00E74832 /* Frameworks */,
				9F1303DB2D2C6A0D00E74832 /* Resources */,
			);
			buildRules = (
			);
			dependencies = (
				9F1303E22D2C6A0D00E74832 /* PBXTargetDependency */,
			);
			name = TrophyFitnessTests;
			productName = TrophyFitnessTests;
			productReference = 9F1303DD2D2C6A0D00E74832 /* TrophyFitnessTests.xctest */;
			productType = "com.apple.product-type.bundle.unit-test";
		};
		9F467B9A2D24B92A004E403A /* TrophyFitness */ = {
			isa = PBXNativeTarget;
			buildConfigurationList = 9F467BA92D24B92C004E403A /* Build configuration list for PBXNativeTarget "TrophyFitness" */;
			buildPhases = (
				9FE7B0992D2DFFA90098F9F1 /* ShellScript */,
				9F467B972D24B92A004E403A /* Sources */,
				9F467B982D24B92A004E403A /* Frameworks */,
				9F467B992D24B92A004E403A /* Resources */,
			);
			buildRules = (
			);
			dependencies = (
			);
			name = TrophyFitness;
			packageProductDependencies = (
				9FDCAE2B2D349F61002EAA28 /* AWSCognitoAuthPlugin */,
				9FDCAE2D2D349F61002EAA28 /* Amplify */,
				9FDCAE302D359735002EAA28 /* Authenticator */,
			);
			productName = TrophyFitness;
			productReference = 9F467B9B2D24B92A004E403A /* TrophyFitness.app */;
			productType = "com.apple.product-type.application";
		};
/* End PBXNativeTarget section */

/* Begin PBXProject section */
		9F467B932D24B92A004E403A /* Project object */ = {
			isa = PBXProject;
			attributes = {
				BuildIndependentTargetsInParallel = 1;
				LastSwiftUpdateCheck = 1540;
				LastUpgradeCheck = 1540;
				TargetAttributes = {
					9F1303DC2D2C6A0D00E74832 = {
						CreatedOnToolsVersion = 15.4;
						TestTargetID = 9F467B9A2D24B92A004E403A;
					};
					9F467B9A2D24B92A004E403A = {
						CreatedOnToolsVersion = 15.4;
					};
				};
			};
			buildConfigurationList = 9F467B962D24B92A004E403A /* Build configuration list for PBXProject "TrophyFitness" */;
			compatibilityVersion = "Xcode 14.0";
			developmentRegion = en;
			hasScannedForEncodings = 0;
			knownRegions = (
				en,
				Base,
			);
			mainGroup = 9F467B922D24B92A004E403A;
			packageReferences = (
				9FDCAE2A2D349F61002EAA28 /* XCRemoteSwiftPackageReference "amplify-swift" */,
				9FDCAE2F2D359734002EAA28 /* XCRemoteSwiftPackageReference "amplify-ui-swift-authenticator" */,
			);
			productRefGroup = 9F467B9C2D24B92A004E403A /* Products */;
			projectDirPath = "";
			projectRoot = "";
			targets = (
				9F467B9A2D24B92A004E403A /* TrophyFitness */,
				9F1303DC2D2C6A0D00E74832 /* TrophyFitnessTests */,
			);
		};
/* End PBXProject section */

/* Begin PBXResourcesBuildPhase section */
		9F1303DB2D2C6A0D00E74832 /* Resources */ = {
			isa = PBXResourcesBuildPhase;
			buildActionMask = 2147483647;
			files = (
				9F1303EC2D2C70FA00E74832 /* Config.xcconfig in Resources */,
			);
			runOnlyForDeploymentPostprocessing = 0;
		};
		9F467B992D24B92A004E403A /* Resources */ = {
			isa = PBXResourcesBuildPhase;
			buildActionMask = 2147483647;
			files = (
				9F9577912D3DBCFE00C34310 /* amplify_outputs.json in Resources */,
				9F1303BB2D2A1D0A00E74832 /* Config.xcconfig in Resources */,
				9F0C0DCA2D2F4DCD006E507A /* Assets.xcassets in Resources */,
			);
			runOnlyForDeploymentPostprocessing = 0;
		};
/* End PBXResourcesBuildPhase section */

/* Begin PBXShellScriptBuildPhase section */
		9FE7B0992D2DFFA90098F9F1 /* ShellScript */ = {
			isa = PBXShellScriptBuildPhase;
			buildActionMask = 12;
			files = (
			);
			inputFileListPaths = (
			);
			inputPaths = (
			);
			outputFileListPaths = (
			);
			outputPaths = (
			);
			runOnlyForDeploymentPostprocessing = 0;
			shellPath = /bin/sh;
			shellScript = "# Load environment variables from .env file\nif [[ -f \"${SRCROOT}/.env\" ]]; then\n    export $(cat \"${SRCROOT}/.env\" | xargs)\nfi\n\n# Run the shell script\nbash \"${SRCROOT}/TrophyFitness/shared/resources/scripts/replace_placeholders.sh\"\n";
		};
/* End PBXShellScriptBuildPhase section */

/* Begin PBXSourcesBuildPhase section */
		9F1303D92D2C6A0D00E74832 /* Sources */ = {
			isa = PBXSourcesBuildPhase;
			buildActionMask = 2147483647;
			files = (
				9F1303E82D2C6A3A00E74832 /* ExerciseAPIManagerTests.swift in Sources */,
				9F1303E02D2C6A0D00E74832 /* TrophyFitnessTests.swift in Sources */,
			);
			runOnlyForDeploymentPostprocessing = 0;
		};
		9F467B972D24B92A004E403A /* Sources */ = {
			isa = PBXSourcesBuildPhase;
			buildActionMask = 2147483647;
			files = (
				9F1303CA2D2C62D000E74832 /* WorkoutResponseModel.swift in Sources */,
				9F1303A32D2724BB00E74832 /* WorkoutRequestModel.swift in Sources */,
				9F1303A52D2724C900E74832 /* ExerciseRequestModel.swift in Sources */,
				9F1303B92D2A1C6700E74832 /* APIManager.swift in Sources */,
				9F467BA12D24B92A004E403A /* ContentView.swift in Sources */,
				9F467B9F2D24B92A004E403A /* TrophyFitnessApp.swift in Sources */,
				9FE7B08A2D2CB2610098F9F1 /* AuthView.swift in Sources */,
				9F1303A72D2724DC00E74832 /* Validation.swift in Sources */,
				9FE7B08F2D2CB5AA0098F9F1 /* AuthViewModel.swift in Sources */,
				9F1303BF2D2C57AD00E74832 /* ExerciseAPIManager.swift in Sources */,
				9F1303CC2D2C62DA00E74832 /* ExerciseResponseModel.swift in Sources */,
				9F1303C62D2C590300E74832 /* Exercise.swift in Sources */,
				9F1303BD2D2C574200E74832 /* WorkoutAPIManager.swift in Sources */,
				9FE7B08C2D2CB2720098F9F1 /* SignUpView.swift in Sources */,
				9F1303CE2D2C630F00E74832 /* ErrorResponseModel.swift in Sources */,
				9F1303A12D2724A900E74832 /* UserRequestModel.swift in Sources */,
				9F1303D02D2C652600E74832 /* VoidResponse.swift in Sources */,
				9F1303C42D2C58EE00E74832 /* Workout.swift in Sources */,
				9FE7B0912D2DB0590098F9F1 /* HomeView.swift in Sources */,
			);
			runOnlyForDeploymentPostprocessing = 0;
		};
/* End PBXSourcesBuildPhase section */

/* Begin PBXTargetDependency section */
		9F1303E22D2C6A0D00E74832 /* PBXTargetDependency */ = {
			isa = PBXTargetDependency;
			target = 9F467B9A2D24B92A004E403A /* TrophyFitness */;
			targetProxy = 9F1303E12D2C6A0D00E74832 /* PBXContainerItemProxy */;
		};
/* End PBXTargetDependency section */

/* Begin XCBuildConfiguration section */
		9F1303E42D2C6A0D00E74832 /* Debug */ = {
			isa = XCBuildConfiguration;
			baseConfigurationReference = 9F1303EB2D2C70FA00E74832 /* Config.xcconfig */;
			buildSettings = {
				BASE_URL_TEST = "$(BASE_URL_TEST)";
				BUNDLE_LOADER = "$(TEST_HOST)";
				CODE_SIGN_STYLE = Automatic;
				CURRENT_PROJECT_VERSION = 1;
				DEVELOPMENT_TEAM = Z2BHKKWGC2;
				GENERATE_INFOPLIST_FILE = YES;
				INFOPLIST_FILE = TrophyFitnessTests/Info.plist;
				MARKETING_VERSION = 1.0;
				PRODUCT_BUNDLE_IDENTIFIER = oscarllopez98.TrophyFitnessTests;
				PRODUCT_NAME = "$(TARGET_NAME)";
				SWIFT_EMIT_LOC_STRINGS = NO;
				SWIFT_VERSION = 5.0;
				TARGETED_DEVICE_FAMILY = "1,2";
				TEST_HOST = "$(BUILT_PRODUCTS_DIR)/TrophyFitness.app/$(BUNDLE_EXECUTABLE_FOLDER_PATH)/TrophyFitness";
			};
			name = Debug;
		};
		9F1303E52D2C6A0D00E74832 /* Release */ = {
			isa = XCBuildConfiguration;
			baseConfigurationReference = 9F1303EB2D2C70FA00E74832 /* Config.xcconfig */;
			buildSettings = {
				BASE_URL_TEST = "$(BASE_URL_TEST)";
				BUNDLE_LOADER = "$(TEST_HOST)";
				CODE_SIGN_STYLE = Automatic;
				CURRENT_PROJECT_VERSION = 1;
				DEVELOPMENT_TEAM = Z2BHKKWGC2;
				GENERATE_INFOPLIST_FILE = YES;
				INFOPLIST_FILE = TrophyFitnessTests/Info.plist;
				MARKETING_VERSION = 1.0;
				PRODUCT_BUNDLE_IDENTIFIER = oscarllopez98.TrophyFitnessTests;
				PRODUCT_NAME = "$(TARGET_NAME)";
				SWIFT_EMIT_LOC_STRINGS = NO;
				SWIFT_VERSION = 5.0;
				TARGETED_DEVICE_FAMILY = "1,2";
				TEST_HOST = "$(BUILT_PRODUCTS_DIR)/TrophyFitness.app/$(BUNDLE_EXECUTABLE_FOLDER_PATH)/TrophyFitness";
			};
			name = Release;
		};
		9F467BA72D24B92C004E403A /* Debug */ = {
			isa = XCBuildConfiguration;
			buildSettings = {
				ALWAYS_SEARCH_USER_PATHS = NO;
				ASSETCATALOG_COMPILER_GENERATE_SWIFT_ASSET_SYMBOL_EXTENSIONS = YES;
				CLANG_ANALYZER_NONNULL = YES;
				CLANG_ANALYZER_NUMBER_OBJECT_CONVERSION = YES_AGGRESSIVE;
				CLANG_CXX_LANGUAGE_STANDARD = "gnu++20";
				CLANG_ENABLE_MODULES = YES;
				CLANG_ENABLE_OBJC_ARC = YES;
				CLANG_ENABLE_OBJC_WEAK = YES;
				CLANG_WARN_BLOCK_CAPTURE_AUTORELEASING = YES;
				CLANG_WARN_BOOL_CONVERSION = YES;
				CLANG_WARN_COMMA = YES;
				CLANG_WARN_CONSTANT_CONVERSION = YES;
				CLANG_WARN_DEPRECATED_OBJC_IMPLEMENTATIONS = YES;
				CLANG_WARN_DIRECT_OBJC_ISA_USAGE = YES_ERROR;
				CLANG_WARN_DOCUMENTATION_COMMENTS = YES;
				CLANG_WARN_EMPTY_BODY = YES;
				CLANG_WARN_ENUM_CONVERSION = YES;
				CLANG_WARN_INFINITE_RECURSION = YES;
				CLANG_WARN_INT_CONVERSION = YES;
				CLANG_WARN_NON_LITERAL_NULL_CONVERSION = YES;
				CLANG_WARN_OBJC_IMPLICIT_RETAIN_SELF = YES;
				CLANG_WARN_OBJC_LITERAL_CONVERSION = YES;
				CLANG_WARN_OBJC_ROOT_CLASS = YES_ERROR;
				CLANG_WARN_QUOTED_INCLUDE_IN_FRAMEWORK_HEADER = YES;
				CLANG_WARN_RANGE_LOOP_ANALYSIS = YES;
				CLANG_WARN_STRICT_PROTOTYPES = YES;
				CLANG_WARN_SUSPICIOUS_MOVE = YES;
				CLANG_WARN_UNGUARDED_AVAILABILITY = YES_AGGRESSIVE;
				CLANG_WARN_UNREACHABLE_CODE = YES;
				CLANG_WARN__DUPLICATE_METHOD_MATCH = YES;
				COPY_PHASE_STRIP = NO;
				DEBUG_INFORMATION_FORMAT = dwarf;
				ENABLE_STRICT_OBJC_MSGSEND = YES;
				ENABLE_TESTABILITY = YES;
				ENABLE_USER_SCRIPT_SANDBOXING = YES;
				GCC_C_LANGUAGE_STANDARD = gnu17;
				GCC_DYNAMIC_NO_PIC = NO;
				GCC_NO_COMMON_BLOCKS = YES;
				GCC_OPTIMIZATION_LEVEL = 0;
				GCC_PREPROCESSOR_DEFINITIONS = (
					"DEBUG=1",
					"$(inherited)",
				);
				GCC_WARN_64_TO_32_BIT_CONVERSION = YES;
				GCC_WARN_ABOUT_RETURN_TYPE = YES_ERROR;
				GCC_WARN_UNDECLARED_SELECTOR = YES;
				GCC_WARN_UNINITIALIZED_AUTOS = YES_AGGRESSIVE;
				GCC_WARN_UNUSED_FUNCTION = YES;
				GCC_WARN_UNUSED_VARIABLE = YES;
				IPHONEOS_DEPLOYMENT_TARGET = 17.5;
				LOCALIZATION_PREFERS_STRING_CATALOGS = YES;
				MTL_ENABLE_DEBUG_INFO = INCLUDE_SOURCE;
				MTL_FAST_MATH = YES;
				ONLY_ACTIVE_ARCH = YES;
				SDKROOT = iphoneos;
				SWIFT_ACTIVE_COMPILATION_CONDITIONS = "DEBUG $(inherited)";
				SWIFT_OPTIMIZATION_LEVEL = "-Onone";
			};
			name = Debug;
		};
		9F467BA82D24B92C004E403A /* Release */ = {
			isa = XCBuildConfiguration;
			buildSettings = {
				ALWAYS_SEARCH_USER_PATHS = NO;
				ASSETCATALOG_COMPILER_GENERATE_SWIFT_ASSET_SYMBOL_EXTENSIONS = YES;
				CLANG_ANALYZER_NONNULL = YES;
				CLANG_ANALYZER_NUMBER_OBJECT_CONVERSION = YES_AGGRESSIVE;
				CLANG_CXX_LANGUAGE_STANDARD = "gnu++20";
				CLANG_ENABLE_MODULES = YES;
				CLANG_ENABLE_OBJC_ARC = YES;
				CLANG_ENABLE_OBJC_WEAK = YES;
				CLANG_WARN_BLOCK_CAPTURE_AUTORELEASING = YES;
				CLANG_WARN_BOOL_CONVERSION = YES;
				CLANG_WARN_COMMA = YES;
				CLANG_WARN_CONSTANT_CONVERSION = YES;
				CLANG_WARN_DEPRECATED_OBJC_IMPLEMENTATIONS = YES;
				CLANG_WARN_DIRECT_OBJC_ISA_USAGE = YES_ERROR;
				CLANG_WARN_DOCUMENTATION_COMMENTS = YES;
				CLANG_WARN_EMPTY_BODY = YES;
				CLANG_WARN_ENUM_CONVERSION = YES;
				CLANG_WARN_INFINITE_RECURSION = YES;
				CLANG_WARN_INT_CONVERSION = YES;
				CLANG_WARN_NON_LITERAL_NULL_CONVERSION = YES;
				CLANG_WARN_OBJC_IMPLICIT_RETAIN_SELF = YES;
				CLANG_WARN_OBJC_LITERAL_CONVERSION = YES;
				CLANG_WARN_OBJC_ROOT_CLASS = YES_ERROR;
				CLANG_WARN_QUOTED_INCLUDE_IN_FRAMEWORK_HEADER = YES;
				CLANG_WARN_RANGE_LOOP_ANALYSIS = YES;
				CLANG_WARN_STRICT_PROTOTYPES = YES;
				CLANG_WARN_SUSPICIOUS_MOVE = YES;
				CLANG_WARN_UNGUARDED_AVAILABILITY = YES_AGGRESSIVE;
				CLANG_WARN_UNREACHABLE_CODE = YES;
				CLANG_WARN__DUPLICATE_METHOD_MATCH = YES;
				COPY_PHASE_STRIP = NO;
				DEBUG_INFORMATION_FORMAT = "dwarf-with-dsym";
				ENABLE_NS_ASSERTIONS = NO;
				ENABLE_STRICT_OBJC_MSGSEND = YES;
				ENABLE_USER_SCRIPT_SANDBOXING = YES;
				GCC_C_LANGUAGE_STANDARD = gnu17;
				GCC_NO_COMMON_BLOCKS = YES;
				GCC_WARN_64_TO_32_BIT_CONVERSION = YES;
				GCC_WARN_ABOUT_RETURN_TYPE = YES_ERROR;
				GCC_WARN_UNDECLARED_SELECTOR = YES;
				GCC_WARN_UNINITIALIZED_AUTOS = YES_AGGRESSIVE;
				GCC_WARN_UNUSED_FUNCTION = YES;
				GCC_WARN_UNUSED_VARIABLE = YES;
				IPHONEOS_DEPLOYMENT_TARGET = 17.5;
				LOCALIZATION_PREFERS_STRING_CATALOGS = YES;
				MTL_ENABLE_DEBUG_INFO = NO;
				MTL_FAST_MATH = YES;
				SDKROOT = iphoneos;
				SWIFT_COMPILATION_MODE = wholemodule;
				VALIDATE_PRODUCT = YES;
			};
			name = Release;
		};
		9F467BAA2D24B92C004E403A /* Debug */ = {
			isa = XCBuildConfiguration;
			baseConfigurationReference = 9F1303BA2D2A1CFA00E74832 /* Config.xcconfig */;
			buildSettings = {
				ASSETCATALOG_COMPILER_APPICON_NAME = AppIcon;
				ASSETCATALOG_COMPILER_GLOBAL_ACCENT_COLOR_NAME = AccentColor;
				ASSETCATALOG_COMPILER_INCLUDE_ALL_APPICON_ASSETS = YES;
				CODE_SIGN_ENTITLEMENTS = TrophyFitness/TrophyFitness.entitlements;
				CODE_SIGN_STYLE = Automatic;
				CURRENT_PROJECT_VERSION = 1;
				DEVELOPMENT_ASSET_PATHS = "\"TrophyFitness/Preview Content\"";
				DEVELOPMENT_TEAM = Z2BHKKWGC2;
				ENABLE_PREVIEWS = YES;
				ENABLE_USER_SCRIPT_SANDBOXING = NO;
				GENERATE_INFOPLIST_FILE = YES;
				INFOPLIST_FILE = TrophyFitness/Info.plist;
				INFOPLIST_KEY_CFBundleDisplayName = TrophyFitnessTracker;
				INFOPLIST_KEY_UIApplicationSceneManifest_Generation = YES;
				INFOPLIST_KEY_UIApplicationSupportsIndirectInputEvents = YES;
				INFOPLIST_KEY_UILaunchScreen_Generation = YES;
				INFOPLIST_KEY_UISupportedInterfaceOrientations_iPad = "UIInterfaceOrientationPortrait UIInterfaceOrientationPortraitUpsideDown UIInterfaceOrientationLandscapeLeft UIInterfaceOrientationLandscapeRight";
				INFOPLIST_KEY_UISupportedInterfaceOrientations_iPhone = "UIInterfaceOrientationPortrait UIInterfaceOrientationLandscapeLeft UIInterfaceOrientationLandscapeRight";
				LD_RUNPATH_SEARCH_PATHS = (
					"$(inherited)",
					"@executable_path/Frameworks",
				);
				MARKETING_VERSION = 1.0;
				PRODUCT_BUNDLE_IDENTIFIER = oscarllopez98.TrophyFitness;
				PRODUCT_NAME = "$(TARGET_NAME)";
				SUPPORTED_PLATFORMS = "iphoneos iphonesimulator";
				SUPPORTS_MACCATALYST = NO;
				SUPPORTS_MAC_DESIGNED_FOR_IPHONE_IPAD = NO;
				SUPPORTS_XR_DESIGNED_FOR_IPHONE_IPAD = NO;
				SWIFT_EMIT_LOC_STRINGS = YES;
				SWIFT_VERSION = 5.0;
				TARGETED_DEVICE_FAMILY = 1;
			};
			name = Debug;
		};
		9F467BAB2D24B92C004E403A /* Release */ = {
			isa = XCBuildConfiguration;
			baseConfigurationReference = 9F1303BA2D2A1CFA00E74832 /* Config.xcconfig */;
			buildSettings = {
				ASSETCATALOG_COMPILER_APPICON_NAME = AppIcon;
				ASSETCATALOG_COMPILER_GLOBAL_ACCENT_COLOR_NAME = AccentColor;
				ASSETCATALOG_COMPILER_INCLUDE_ALL_APPICON_ASSETS = YES;
				CODE_SIGN_ENTITLEMENTS = TrophyFitness/TrophyFitness.entitlements;
				CODE_SIGN_STYLE = Automatic;
				CURRENT_PROJECT_VERSION = 1;
				DEVELOPMENT_ASSET_PATHS = "\"TrophyFitness/Preview Content\"";
				DEVELOPMENT_TEAM = Z2BHKKWGC2;
				ENABLE_PREVIEWS = YES;
				ENABLE_USER_SCRIPT_SANDBOXING = NO;
				GENERATE_INFOPLIST_FILE = YES;
				INFOPLIST_FILE = TrophyFitness/Info.plist;
				INFOPLIST_KEY_CFBundleDisplayName = TrophyFitnessTracker;
				INFOPLIST_KEY_UIApplicationSceneManifest_Generation = YES;
				INFOPLIST_KEY_UIApplicationSupportsIndirectInputEvents = YES;
				INFOPLIST_KEY_UILaunchScreen_Generation = YES;
				INFOPLIST_KEY_UISupportedInterfaceOrientations_iPad = "UIInterfaceOrientationPortrait UIInterfaceOrientationPortraitUpsideDown UIInterfaceOrientationLandscapeLeft UIInterfaceOrientationLandscapeRight";
				INFOPLIST_KEY_UISupportedInterfaceOrientations_iPhone = "UIInterfaceOrientationPortrait UIInterfaceOrientationLandscapeLeft UIInterfaceOrientationLandscapeRight";
				LD_RUNPATH_SEARCH_PATHS = (
					"$(inherited)",
					"@executable_path/Frameworks",
				);
				MARKETING_VERSION = 1.0;
				PRODUCT_BUNDLE_IDENTIFIER = oscarllopez98.TrophyFitness;
				PRODUCT_NAME = "$(TARGET_NAME)";
				SUPPORTED_PLATFORMS = "iphoneos iphonesimulator";
				SUPPORTS_MACCATALYST = NO;
				SUPPORTS_MAC_DESIGNED_FOR_IPHONE_IPAD = NO;
				SUPPORTS_XR_DESIGNED_FOR_IPHONE_IPAD = NO;
				SWIFT_EMIT_LOC_STRINGS = YES;
				SWIFT_VERSION = 5.0;
				TARGETED_DEVICE_FAMILY = 1;
			};
			name = Release;
		};
/* End XCBuildConfiguration section */

/* Begin XCConfigurationList section */
		9F1303E32D2C6A0D00E74832 /* Build configuration list for PBXNativeTarget "TrophyFitnessTests" */ = {
			isa = XCConfigurationList;
			buildConfigurations = (
				9F1303E42D2C6A0D00E74832 /* Debug */,
				9F1303E52D2C6A0D00E74832 /* Release */,
			);
			defaultConfigurationIsVisible = 0;
			defaultConfigurationName = Release;
		};
		9F467B962D24B92A004E403A /* Build configuration list for PBXProject "TrophyFitness" */ = {
			isa = XCConfigurationList;
			buildConfigurations = (
				9F467BA72D24B92C004E403A /* Debug */,
				9F467BA82D24B92C004E403A /* Release */,
			);
			defaultConfigurationIsVisible = 0;
			defaultConfigurationName = Release;
		};
		9F467BA92D24B92C004E403A /* Build configuration list for PBXNativeTarget "TrophyFitness" */ = {
			isa = XCConfigurationList;
			buildConfigurations = (
				9F467BAA2D24B92C004E403A /* Debug */,
				9F467BAB2D24B92C004E403A /* Release */,
			);
			defaultConfigurationIsVisible = 0;
			defaultConfigurationName = Release;
		};
/* End XCConfigurationList section */

/* Begin XCRemoteSwiftPackageReference section */
		9FDCAE2A2D349F61002EAA28 /* XCRemoteSwiftPackageReference "amplify-swift" */ = {
			isa = XCRemoteSwiftPackageReference;
			repositoryURL = "https://github.com/aws-amplify/amplify-swift";
			requirement = {
				kind = upToNextMajorVersion;
				minimumVersion = 2.45.3;
			};
		};
		9FDCAE2F2D359734002EAA28 /* XCRemoteSwiftPackageReference "amplify-ui-swift-authenticator" */ = {
			isa = XCRemoteSwiftPackageReference;
			repositoryURL = "https://github.com/aws-amplify/amplify-ui-swift-authenticator";
			requirement = {
				kind = upToNextMajorVersion;
				minimumVersion = 1.2.3;
			};
		};
/* End XCRemoteSwiftPackageReference section */

/* Begin XCSwiftPackageProductDependency section */
		9FDCAE2B2D349F61002EAA28 /* AWSCognitoAuthPlugin */ = {
			isa = XCSwiftPackageProductDependency;
			package = 9FDCAE2A2D349F61002EAA28 /* XCRemoteSwiftPackageReference "amplify-swift" */;
			productName = AWSCognitoAuthPlugin;
		};
		9FDCAE2D2D349F61002EAA28 /* Amplify */ = {
			isa = XCSwiftPackageProductDependency;
			package = 9FDCAE2A2D349F61002EAA28 /* XCRemoteSwiftPackageReference "amplify-swift" */;
			productName = Amplify;
		};
		9FDCAE302D359735002EAA28 /* Authenticator */ = {
			isa = XCSwiftPackageProductDependency;
			package = 9FDCAE2F2D359734002EAA28 /* XCRemoteSwiftPackageReference "amplify-ui-swift-authenticator" */;
			productName = Authenticator;
		};
/* End XCSwiftPackageProductDependency section */
	};
	rootObject = 9F467B932D24B92A004E403A /* Project object */;
}
